<?xml version="1.0" encoding="UTF-8" standalone="yes" ?>
<CodeBlocks_project_file>
	<FileVersion major="1" minor="6" />
	<Project>
		<Option title="MapEdit" />
		<Option execution_dir="../build" />
		<Option pch_mode="2" />
		<Option compiler="gcc" />
		<Build>
			<Target title="Debug [UNIX]">
				<Option platforms="Unix;" />
				<Option output="build/mapedit" prefix_auto="1" extension_auto="1" />
				<Option working_dir="build" />
				<Option object_output="obj/" />
				<Option type="1" />
				<Option compiler="gcc" />
				<Compiler>
					<Add option="-Wnon-virtual-dtor" />
					<Add option="-Wshadow" />
					<Add option="-Winit-self" />
					<Add option="-Wredundant-decls" />
					<Add option="-Wcast-align" />
					<Add option="-Wundef" />
					<Add option="-Wfloat-equal" />
					<Add option="-Winline" />
					<Add option="-Wunreachable-code" />
					<Add option="-Wmissing-declarations" />
					<Add option="-Wmissing-include-dirs" />
					<Add option="-Wswitch-enum" />
					<Add option="-Wswitch-default" />
					<Add option="-Weffc++" />
					<Add option="-Wzero-as-null-pointer-constant" />
					<Add option="-Wmain" />
					<Add option="-pedantic-errors" />
					<Add option="-pedantic" />
					<Add option="-w" />
					<Add option="-Wextra" />
					<Add option="-std=c++0x" />
					<Add option="-m64" />
					<Add option="-g" />
					<Add option='-DPROJECT_NAME=&quot;MapEdit&quot;' />
					<Add option="-DMAJOR_VER=0" />
					<Add option="-DMINOR_VER=0" />
					<Add option="-DPATCH_VER=1" />
					<Add option="-DSERVER_BUILD" />
					<Add option="-DHARDWARE_RENDERER" />
					<Add option="-DLANG=EN_US" />
					<Add option="-DMAX_BLOB_SIZE=6442450944" />
					<Add option="-DDEBUG" />
					<Add directory="../inc/common" />
					<Add directory="../inc/linux" />
					<Add directory="/usr/include/freetype2" />
					<Add directory="inc/common" />
					<Add directory="inc/linux" />
					<Add directory="inc" />
					<Add directory="/opt/protobuf/include" />
				</Compiler>
				<Linker>
					<Add option="-m64" />
					<Add library="GL" />
					<Add library="GLEW" />
					<Add library="freetype" />
					<Add library="X11" />
					<Add library="stdc++" />
					<Add library="gdal" />
					<Add library="zip" />
					<Add library="proj" />
					<Add library="OpenCL" />
					<Add library="protobuf" />
					<Add library="z" />
					<Add library="pthread" />
					<Add directory="/usr/lib" />
					<Add directory="/usr/local/lib" />
					<Add directory="/opt/gflags/lib" />
				</Linker>
			</Target>
			<Target title="Debug [WIN32]">
				<Option platforms="Windows;" />
				<Option output="build/mapedit" prefix_auto="1" extension_auto="1" />
				<Option object_output="obj/" />
				<Option type="1" />
				<Option compiler="gcc" />
				<Compiler>
					<Add option="-pedantic" />
					<Add option="-Wextra" />
					<Add option="-Wall" />
					<Add option="-std=c++0x" />
					<Add option="-m64" />
					<Add option="-g" />
					<Add option='-DPROJECT_NAME=&quot;MapEdit&quot;' />
					<Add option="-DMAJOR_VER=0" />
					<Add option="-DMINOR_VER=0" />
					<Add option="-DPATCH_VER=1" />
					<Add option="-DHARDWARE_RENDERER" />
					<Add option="-DLANG=EN_US" />
					<Add directory="../inc/common" />
					<Add directory="../inc/linux" />
					<Add directory="/usr/include/freetype2" />
					<Add directory="include/common" />
					<Add directory="inc/common" />
					<Add directory="inc" />
				</Compiler>
				<Linker>
					<Add option="-m64" />
					<Add library="GL" />
					<Add library="GLEW" />
					<Add library="freetype" />
					<Add library="X11" />
					<Add library="stdc++" />
				</Linker>
			</Target>
			<Target title="Debug [MAC]">
				<Option platforms="Mac;" />
				<Option output="build/mapedit" prefix_auto="1" extension_auto="1" />
				<Option object_output="obj/" />
				<Option type="1" />
				<Option compiler="gcc" />
				<Compiler>
					<Add option="-pedantic" />
					<Add option="-Wextra" />
					<Add option="-Wall" />
					<Add option="-std=c++0x" />
					<Add option="-m64" />
					<Add option="-g" />
					<Add option='-DPROJECT_NAME=&quot;MapEdit&quot;' />
					<Add option="-DMAJOR_VER=0" />
					<Add option="-DMINOR_VER=0" />
					<Add option="-DPATCH_VER=1" />
					<Add option="-DHARDWARE_RENDERER" />
					<Add option="-DLANG=EN_US" />
					<Add directory="../inc/common" />
					<Add directory="../inc/linux" />
					<Add directory="/usr/include/freetype2" />
					<Add directory="include/common" />
					<Add directory="inc/common" />
					<Add directory="inc" />
				</Compiler>
				<Linker>
					<Add option="-m64" />
					<Add library="GL" />
					<Add library="GLEW" />
					<Add library="freetype" />
					<Add library="X11" />
					<Add library="stdc++" />
				</Linker>
			</Target>
			<Target title="Release [UNIX]">
				<Option platforms="Unix;" />
				<Option output="build/mapedit" prefix_auto="1" extension_auto="1" />
				<Option working_dir="build" />
				<Option object_output="obj/" />
				<Option type="1" />
				<Option compiler="gcc" />
				<Compiler>
					<Add option="-Wnon-virtual-dtor" />
					<Add option="-Wshadow" />
					<Add option="-Winit-self" />
					<Add option="-Wredundant-decls" />
					<Add option="-Wcast-align" />
					<Add option="-Wundef" />
					<Add option="-Wfloat-equal" />
					<Add option="-Winline" />
					<Add option="-Wunreachable-code" />
					<Add option="-Wmissing-declarations" />
					<Add option="-Wmissing-include-dirs" />
					<Add option="-Wswitch-enum" />
					<Add option="-Wswitch-default" />
					<Add option="-Weffc++" />
					<Add option="-Wzero-as-null-pointer-constant" />
					<Add option="-Wmain" />
					<Add option="-pedantic-errors" />
					<Add option="-pedantic" />
					<Add option="-w" />
					<Add option="-Wextra" />
					<Add option="-std=c++0x" />
					<Add option="-m64" />
					<Add option="-g" />
					<Add option="-march=corei7-avx -m64 -Ofast -flto -funroll-loops" />
					<Add option='-DPROJECT_NAME=&quot;MapEdit&quot;' />
					<Add option="-DMAJOR_VER=0" />
					<Add option="-DMINOR_VER=0" />
					<Add option="-DPATCH_VER=1" />
					<Add option="-DSERVER_BUILD" />
					<Add option="-DHARDWARE_RENDERER" />
					<Add option="-DLANG=EN_US" />
					<Add option="-DMAX_BLOB_SIZE=6442450944" />
					<Add option="-DDEBUG" />
					<Add directory="../inc/common" />
					<Add directory="../inc/linux" />
					<Add directory="/usr/include/freetype2" />
					<Add directory="inc/common" />
					<Add directory="inc/linux" />
					<Add directory="inc" />
					<Add directory="/opt/protobuf/include" />
				</Compiler>
				<Linker>
					<Add option="-m64" />
					<Add library="GL" />
					<Add library="GLEW" />
					<Add library="freetype" />
					<Add library="X11" />
					<Add library="stdc++" />
					<Add library="gdal" />
					<Add library="zip" />
					<Add library="proj" />
					<Add library="OpenCL" />
					<Add library="protobuf" />
					<Add library="z" />
					<Add directory="/usr/lib" />
					<Add directory="/usr/local/lib" />
					<Add directory="/opt/gflags/lib" />
				</Linker>
			</Target>
		</Build>
		<Compiler>
			<Add option="-Wall" />
		</Compiler>
		<Unit filename="../inc/common/beziercurve.h" />
		<Unit filename="../inc/common/bezierhandle.h" />
		<Unit filename="../inc/common/errors.h" />
		<Unit filename="../inc/common/errors_en_us.h" />
		<Unit filename="../inc/common/fileformat.pb.h" />
		<Unit filename="../inc/common/fontface.h" />
		<Unit filename="../inc/common/heightterrain.h" />
		<Unit filename="../inc/common/job.h" />
		<Unit filename="../inc/common/jobmanager.h" />
		<Unit filename="../inc/common/layer.h" />
		<Unit filename="../inc/common/line.h" />
		<Unit filename="../inc/common/map_defs.h" />
		<Unit filename="../inc/common/messages.h" />
		<Unit filename="../inc/common/messages_en_us.h" />
		<Unit filename="../inc/common/multi_polygon.h" />
		<Unit filename="../inc/common/opengl_shader.h" />
		<Unit filename="../inc/common/osmformat.pb.h" />
		<Unit filename="../inc/common/point.h" />
		<Unit filename="../inc/common/polygon.h" />
		<Unit filename="../inc/common/renderer.h" />
		<Unit filename="../inc/common/static_text.h" />
		<Unit filename="../inc/common/straight_line.h" />
		<Unit filename="../inc/common/style.h" />
		<Unit filename="../inc/common/tinyxml2/tinyxml2.h" />
		<Unit filename="../inc/common/window.h" />
		<Unit filename="../inc/linux/appwindow.h" />
		<Unit filename="../inc/linux/print_log_console.h" />
		<Unit filename="../inc/linux/server.h">
			<Option target="Debug [UNIX]" />
			<Option target="Release [UNIX]" />
		</Unit>
		<Unit filename="../src/common/LiberationSans-Regular.ttf" />
		<Unit filename="../src/common/basic.frag" />
		<Unit filename="../src/common/basic.vert" />
		<Unit filename="../src/common/bezier_curve.frag" />
		<Unit filename="../src/common/bezier_curve.geom" />
		<Unit filename="../src/common/beziercurve.cpp" />
		<Unit filename="../src/common/beziercurve.vert" />
		<Unit filename="../src/common/bezierhandle.cpp" />
		<Unit filename="../src/common/fileformat.pb.cc" />
		<Unit filename="../src/common/fileformat.proto" />
		<Unit filename="../src/common/fontface.cpp" />
		<Unit filename="../src/common/heightterrain.cpp" />
		<Unit filename="../src/common/job.cpp" />
		<Unit filename="../src/common/jobmanager.cpp" />
		<Unit filename="../src/common/layer.cpp" />
		<Unit filename="../src/common/line.cpp" />
		<Unit filename="../src/common/line.frag" />
		<Unit filename="../src/common/line.vert" />
		<Unit filename="../src/common/multi_polygon.cpp" />
		<Unit filename="../src/common/opencl/saxpy.cl" />
		<Unit filename="../src/common/opengl_shader.cpp" />
		<Unit filename="../src/common/osmformat.pb.cc" />
		<Unit filename="../src/common/point.cpp" />
		<Unit filename="../src/common/polygon.cpp" />
		<Unit filename="../src/common/renderer.cpp" />
		<Unit filename="../src/common/static_text.cpp" />
		<Unit filename="../src/common/straight_line.cpp" />
		<Unit filename="../src/common/style.cpp" />
		<Unit filename="../src/common/text_shader.frag" />
		<Unit filename="../src/common/text_shader.vert" />
		<Unit filename="../src/common/tinyxml2/tinyxml2.cpp" />
		<Unit filename="../src/linux/appwindow.cpp" />
		<Unit filename="../src/linux/main.cpp" />
		<Unit filename="../src/linux/server.cpp">
			<Option target="Debug [UNIX]" />
			<Option target="Release [UNIX]" />
		</Unit>
		<Extensions>
			<code_completion />
			<debugger />
		</Extensions>
	</Project>
</CodeBlocks_project_file>
